Microsoft Visual Studio Solution File, Format Version 12.00
# Visual Studio Version 17
VisualStudioVersion = 17.5.2.0
MinimumVisualStudioVersion = 10.0.40219.1
Project("{FAE04EC0-301F-11D3-BF4B-00C04F79EFBC}") = "AgentesFrontend", "AgentesFrontend.csproj", "{7BAAB696-BE4D-C208-15C0-E90ACB3350DE}"
EndProject
Global
	GlobalSection(SolutionConfigurationPlatforms) = preSolution
		Debug|Any CPU = Debug|Any CPU
		Release|Any CPU = Release|Any CPU
	EndGlobalSection
	GlobalSection(ProjectConfigurationPlatforms) = postSolution
		{7BAAB696-BE4D-C208-15C0-E90ACB3350DE}.Debug|Any CPU.ActiveCfg = Debug|Any CPU
		{7BAAB696-BE4D-C208-15C0-E90ACB3350DE}.Debug|Any CPU.Build.0 = Debug|Any CPU
		{7BAAB696-BE4D-C208-15C0-E90ACB3350DE}.Release|Any CPU.ActiveCfg = Release|Any CPU
		{7BAAB696-BE4D-C208-15C0-E90ACB3350DE}.Release|Any CPU.Build.0 = Release|Any CPU
	EndGlobalSection
	GlobalSection(SolutionProperties) = preSolution
		HideSolutionNode = FALSE
	EndGlobalSection
	GlobalSection(ExtensibilityGlobals) = postSolution
		SolutionGuid = {C99A460E-39E4-4817-A741-9B80A022CF6D}
	EndGlobalSection
EndGlobal
